// !$*UTF8*$!
{
	archiveVersion = 1;
	classes = {
	};
	objectVersion = 46;
	objects = {

/* Begin PBXBuildFile section */
		096A267B1CE399FD0027D161 /* main.m in Sources */ = {isa = PBXBuildFile; fileRef = 096A267A1CE399FD0027D161 /* main.m */; };
		096A267E1CE399FD0027D161 /* AppDelegate.m in Sources */ = {isa = PBXBuildFile; fileRef = 096A267D1CE399FD0027D161 /* AppDelegate.m */; };
		096A26811CE399FD0027D161 /* ViewController.m in Sources */ = {isa = PBXBuildFile; fileRef = 096A26801CE399FD0027D161 /* ViewController.m */; };
		096A26841CE399FD0027D161 /* Main.storyboard in Resources */ = {isa = PBXBuildFile; fileRef = 096A26821CE399FD0027D161 /* Main.storyboard */; };
		096A26861CE399FD0027D161 /* Assets.xcassets in Resources */ = {isa = PBXBuildFile; fileRef = 096A26851CE399FD0027D161 /* Assets.xcassets */; };
		096A26891CE399FD0027D161 /* LaunchScreen.storyboard in Resources */ = {isa = PBXBuildFile; fileRef = 096A26871CE399FD0027D161 /* LaunchScreen.storyboard */; };
		096A26941CE399FD0027D161 /* FoodooTests.m in Sources */ = {isa = PBXBuildFile; fileRef = 096A26931CE399FD0027D161 /* FoodooTests.m */; };
		096A269F1CE399FD0027D161 /* FoodooUITests.m in Sources */ = {isa = PBXBuildFile; fileRef = 096A269E1CE399FD0027D161 /* FoodooUITests.m */; };
		2E14E1579FC7E630103C7996 /* libPods-FoodooUITests.a in Frameworks */ = {isa = PBXBuildFile; fileRef = 1F06DD92F6C219CA8BF78772 /* libPods-FoodooUITests.a */; };
		4AB09660EF3BD303670FAF67 /* libPods-Foodoo.a in Frameworks */ = {isa = PBXBuildFile; fileRef = 26180E881D34451FA4C974F1 /* libPods-Foodoo.a */; };
		80CE1094077182E164D39535 /* libPods-FoodooTests.a in Frameworks */ = {isa = PBXBuildFile; fileRef = DB20CF407AC939C2BE2633A4 /* libPods-FoodooTests.a */; };
/* End PBXBuildFile section */

/* Begin PBXContainerItemProxy section */
		096A26901CE399FD0027D161 /* PBXContainerItemProxy */ = {
			isa = PBXContainerItemProxy;
			containerPortal = 096A266E1CE399FC0027D161 /* Project object */;
			proxyType = 1;
			remoteGlobalIDString = 096A26751CE399FC0027D161;
			remoteInfo = Foodoo;
		};
		096A269B1CE399FD0027D161 /* PBXContainerItemProxy */ = {
			isa = PBXContainerItemProxy;
			containerPortal = 096A266E1CE399FC0027D161 /* Project object */;
			proxyType = 1;
			remoteGlobalIDString = 096A26751CE399FC0027D161;
			remoteInfo = Foodoo;
		};
/* End PBXContainerItemProxy section */

/* Begin PBXFileReference section */
		096A26761CE399FC0027D161 /* Foodoo.app */ = {isa = PBXFileReference; explicitFileType = wrapper.application; includeInIndex = 0; path = Foodoo.app; sourceTree = BUILT_PRODUCTS_DIR; };
		096A267A1CE399FD0027D161 /* main.m */ = {isa = PBXFileReference; lastKnownFileType = sourcecode.c.objc; path = main.m; sourceTree = "<group>"; };
		096A267C1CE399FD0027D161 /* AppDelegate.h */ = {isa = PBXFileReference; lastKnownFileType = sourcecode.c.h; path = AppDelegate.h; sourceTree = "<group>"; };
		096A267D1CE399FD0027D161 /* AppDelegate.m */ = {isa = PBXFileReference; lastKnownFileType = sourcecode.c.objc; path = AppDelegate.m; sourceTree = "<group>"; };
		096A267F1CE399FD0027D161 /* ViewController.h */ = {isa = PBXFileReference; lastKnownFileType = sourcecode.c.h; path = ViewController.h; sourceTree = "<group>"; };
		096A26801CE399FD0027D161 /* ViewController.m */ = {isa = PBXFileReference; lastKnownFileType = sourcecode.c.objc; path = ViewController.m; sourceTree = "<group>"; };
		096A26831CE399FD0027D161 /* Base */ = {isa = PBXFileReference; lastKnownFileType = file.storyboard; name = Base; path = Base.lproj/Main.storyboard; sourceTree = "<group>"; };
		096A26851CE399FD0027D161 /* Assets.xcassets */ = {isa = PBXFileReference; lastKnownFileType = folder.assetcatalog; path = Assets.xcassets; sourceTree = "<group>"; };
		096A26881CE399FD0027D161 /* Base */ = {isa = PBXFileReference; lastKnownFileType = file.storyboard; name = Base; path = Base.lproj/LaunchScreen.storyboard; sourceTree = "<group>"; };
		096A268A1CE399FD0027D161 /* Info.plist */ = {isa = PBXFileReference; lastKnownFileType = text.plist.xml; path = Info.plist; sourceTree = "<group>"; };
		096A268F1CE399FD0027D161 /* FoodooTests.xctest */ = {isa = PBXFileReference; explicitFileType = wrapper.cfbundle; includeInIndex = 0; path = FoodooTests.xctest; sourceTree = BUILT_PRODUCTS_DIR; };
		096A26931CE399FD0027D161 /* FoodooTests.m */ = {isa = PBXFileReference; lastKnownFileType = sourcecode.c.objc; path = FoodooTests.m; sourceTree = "<group>"; };
		096A26951CE399FD0027D161 /* Info.plist */ = {isa = PBXFileReference; lastKnownFileType = text.plist.xml; path = Info.plist; sourceTree = "<group>"; };
		096A269A1CE399FD0027D161 /* FoodooUITests.xctest */ = {isa = PBXFileReference; explicitFileType = wrapper.cfbundle; includeInIndex = 0; path = FoodooUITests.xctest; sourceTree = BUILT_PRODUCTS_DIR; };
		096A269E1CE399FD0027D161 /* FoodooUITests.m */ = {isa = PBXFileReference; lastKnownFileType = sourcecode.c.objc; path = FoodooUITests.m; sourceTree = "<group>"; };
		096A26A01CE399FD0027D161 /* Info.plist */ = {isa = PBXFileReference; lastKnownFileType = text.plist.xml; path = Info.plist; sourceTree = "<group>"; };
		1F06DD92F6C219CA8BF78772 /* libPods-FoodooUITests.a */ = {isa = PBXFileReference; explicitFileType = archive.ar; includeInIndex = 0; path = "libPods-FoodooUITests.a"; sourceTree = BUILT_PRODUCTS_DIR; };
		21B36978B16E412063B2DC30 /* Pods-FoodooUITests.release.xcconfig */ = {isa = PBXFileReference; includeInIndex = 1; lastKnownFileType = text.xcconfig; name = "Pods-FoodooUITests.release.xcconfig"; path = "Pods/Target Support Files/Pods-FoodooUITests/Pods-FoodooUITests.release.xcconfig"; sourceTree = "<group>"; };
		2400AD9F65AB67C33872FBFC /* Pods-Foodoo.debug.xcconfig */ = {isa = PBXFileReference; includeInIndex = 1; lastKnownFileType = text.xcconfig; name = "Pods-Foodoo.debug.xcconfig"; path = "Pods/Target Support Files/Pods-Foodoo/Pods-Foodoo.debug.xcconfig"; sourceTree = "<group>"; };
		26180E881D34451FA4C974F1 /* libPods-Foodoo.a */ = {isa = PBXFileReference; explicitFileType = archive.ar; includeInIndex = 0; path = "libPods-Foodoo.a"; sourceTree = BUILT_PRODUCTS_DIR; };
		2B6D56E90AF740834A6417B4 /* Pods-FoodooUITests.debug.xcconfig */ = {isa = PBXFileReference; includeInIndex = 1; lastKnownFileType = text.xcconfig; name = "Pods-FoodooUITests.debug.xcconfig"; path = "Pods/Target Support Files/Pods-FoodooUITests/Pods-FoodooUITests.debug.xcconfig"; sourceTree = "<group>"; };
		36E04E6169C69036B8E7DB3F /* Pods-FoodooTests.release.xcconfig */ = {isa = PBXFileReference; includeInIndex = 1; lastKnownFileType = text.xcconfig; name = "Pods-FoodooTests.release.xcconfig"; path = "Pods/Target Support Files/Pods-FoodooTests/Pods-FoodooTests.release.xcconfig"; sourceTree = "<group>"; };
		5E66B6BAE99594D623B7917A /* Pods-Foodoo.release.xcconfig */ = {isa = PBXFileReference; includeInIndex = 1; lastKnownFileType = text.xcconfig; name = "Pods-Foodoo.release.xcconfig"; path = "Pods/Target Support Files/Pods-Foodoo/Pods-Foodoo.release.xcconfig"; sourceTree = "<group>"; };
		CD70AB854E659C21F486BED9 /* Pods-FoodooTests.debug.xcconfig */ = {isa = PBXFileReference; includeInIndex = 1; lastKnownFileType = text.xcconfig; name = "Pods-FoodooTests.debug.xcconfig"; path = "Pods/Target Support Files/Pods-FoodooTests/Pods-FoodooTests.debug.xcconfig"; sourceTree = "<group>"; };
		DB20CF407AC939C2BE2633A4 /* libPods-FoodooTests.a */ = {isa = PBXFileReference; explicitFileType = archive.ar; includeInIndex = 0; path = "libPods-FoodooTests.a"; sourceTree = BUILT_PRODUCTS_DIR; };
/* End PBXFileReference section */

/* Begin PBXFrameworksBuildPhase section */
		096A26731CE399FC0027D161 /* Frameworks */ = {
			isa = PBXFrameworksBuildPhase;
			buildActionMask = 2147483647;
			files = (
				4AB09660EF3BD303670FAF67 /* libPods-Foodoo.a in Frameworks */,
			);
			runOnlyForDeploymentPostprocessing = 0;
		};
		096A268C1CE399FD0027D161 /* Frameworks */ = {
			isa = PBXFrameworksBuildPhase;
			buildActionMask = 2147483647;
			files = (
				80CE1094077182E164D39535 /* libPods-FoodooTests.a in Frameworks */,
			);
			runOnlyForDeploymentPostprocessing = 0;
		};
		096A26971CE399FD0027D161 /* Frameworks */ = {
			isa = PBXFrameworksBuildPhase;
			buildActionMask = 2147483647;
			files = (
				2E14E1579FC7E630103C7996 /* libPods-FoodooUITests.a in Frameworks */,
			);
			runOnlyForDeploymentPostprocessing = 0;
		};
/* End PBXFrameworksBuildPhase section */

/* Begin PBXGroup section */
		096A266D1CE399FC0027D161 = {
			isa = PBXGroup;
			children = (
				096A26781CE399FD0027D161 /* Foodoo */,
				096A26921CE399FD0027D161 /* FoodooTests */,
				096A269D1CE399FD0027D161 /* FoodooUITests */,
				096A26771CE399FC0027D161 /* Products */,
				178497714425AB40CB1112B0 /* Pods */,
				27A8D7D5FC7707820872E63B /* Frameworks */,
			);
			sourceTree = "<group>";
		};
		096A26771CE399FC0027D161 /* Products */ = {
			isa = PBXGroup;
			children = (
				096A26761CE399FC0027D161 /* Foodoo.app */,
				096A268F1CE399FD0027D161 /* FoodooTests.xctest */,
				096A269A1CE399FD0027D161 /* FoodooUITests.xctest */,
			);
			name = Products;
			sourceTree = "<group>";
		};
		096A26781CE399FD0027D161 /* Foodoo */ = {
			isa = PBXGroup;
			children = (
				096A267C1CE399FD0027D161 /* AppDelegate.h */,
				096A267D1CE399FD0027D161 /* AppDelegate.m */,
				096A267F1CE399FD0027D161 /* ViewController.h */,
				096A26801CE399FD0027D161 /* ViewController.m */,
				096A26821CE399FD0027D161 /* Main.storyboard */,
				096A26851CE399FD0027D161 /* Assets.xcassets */,
				096A26871CE399FD0027D161 /* LaunchScreen.storyboard */,
				096A268A1CE399FD0027D161 /* Info.plist */,
				096A26791CE399FD0027D161 /* Supporting Files */,
			);
			path = Foodoo;
			sourceTree = "<group>";
		};
		096A26791CE399FD0027D161 /* Supporting Files */ = {
			isa = PBXGroup;
			children = (
				096A267A1CE399FD0027D161 /* main.m */,
			);
			name = "Supporting Files";
			sourceTree = "<group>";
		};
		096A26921CE399FD0027D161 /* FoodooTests */ = {
			isa = PBXGroup;
			children = (
				096A26931CE399FD0027D161 /* FoodooTests.m */,
				096A26951CE399FD0027D161 /* Info.plist */,
			);
			path = FoodooTests;
			sourceTree = "<group>";
		};
		096A269D1CE399FD0027D161 /* FoodooUITests */ = {
			isa = PBXGroup;
			children = (
				096A269E1CE399FD0027D161 /* FoodooUITests.m */,
				096A26A01CE399FD0027D161 /* Info.plist */,
			);
			path = FoodooUITests;
			sourceTree = "<group>";
		};
		178497714425AB40CB1112B0 /* Pods */ = {
			isa = PBXGroup;
			children = (
				2400AD9F65AB67C33872FBFC /* Pods-Foodoo.debug.xcconfig */,
				5E66B6BAE99594D623B7917A /* Pods-Foodoo.release.xcconfig */,
				CD70AB854E659C21F486BED9 /* Pods-FoodooTests.debug.xcconfig */,
				36E04E6169C69036B8E7DB3F /* Pods-FoodooTests.release.xcconfig */,
				2B6D56E90AF740834A6417B4 /* Pods-FoodooUITests.debug.xcconfig */,
				21B36978B16E412063B2DC30 /* Pods-FoodooUITests.release.xcconfig */,
			);
			name = Pods;
			sourceTree = "<group>";
		};
		27A8D7D5FC7707820872E63B /* Frameworks */ = {
			isa = PBXGroup;
			children = (
				26180E881D34451FA4C974F1 /* libPods-Foodoo.a */,
				DB20CF407AC939C2BE2633A4 /* libPods-FoodooTests.a */,
				1F06DD92F6C219CA8BF78772 /* libPods-FoodooUITests.a */,
			);
			name = Frameworks;
			sourceTree = "<group>";
		};
/* End PBXGroup section */

/* Begin PBXNativeTarget section */
		096A26751CE399FC0027D161 /* Foodoo */ = {
			isa = PBXNativeTarget;
			buildConfigurationList = 096A26A31CE399FD0027D161 /* Build configuration list for PBXNativeTarget "Foodoo" */;
			buildPhases = (
				49BDBAF662D0777C80D07706 /* 📦 Check Pods Manifest.lock */,
				096A26721CE399FC0027D161 /* Sources */,
				096A26731CE399FC0027D161 /* Frameworks */,
				096A26741CE399FC0027D161 /* Resources */,
				B8782F1FB79864A7A7455F51 /* 📦 Embed Pods Frameworks */,
				35F1F2D9F4EB5EC72C328A3D /* 📦 Copy Pods Resources */,
			);
			buildRules = (
			);
			dependencies = (
			);
			name = Foodoo;
			productName = Foodoo;
			productReference = 096A26761CE399FC0027D161 /* Foodoo.app */;
			productType = "com.apple.product-type.application";
		};
		096A268E1CE399FD0027D161 /* FoodooTests */ = {
			isa = PBXNativeTarget;
			buildConfigurationList = 096A26A61CE399FD0027D161 /* Build configuration list for PBXNativeTarget "FoodooTests" */;
			buildPhases = (
				D2BB51C5381CBE07A94340BA /* 📦 Check Pods Manifest.lock */,
				096A268B1CE399FD0027D161 /* Sources */,
				096A268C1CE399FD0027D161 /* Frameworks */,
				096A268D1CE399FD0027D161 /* Resources */,
				48D3ADF237B3B0C4FA892F42 /* 📦 Embed Pods Frameworks */,
				6D08DF8A546AE3A20CF379CA /* 📦 Copy Pods Resources */,
			);
			buildRules = (
			);
			dependencies = (
				096A26911CE399FD0027D161 /* PBXTargetDependency */,
			);
			name = FoodooTests;
			productName = FoodooTests;
			productReference = 096A268F1CE399FD0027D161 /* FoodooTests.xctest */;
			productType = "com.apple.product-type.bundle.unit-test";
		};
		096A26991CE399FD0027D161 /* FoodooUITests */ = {
			isa = PBXNativeTarget;
			buildConfigurationList = 096A26A91CE399FD0027D161 /* Build configuration list for PBXNativeTarget "FoodooUITests" */;
			buildPhases = (
				B66DD1535FCA17B3897E71ED /* 📦 Check Pods Manifest.lock */,
				096A26961CE399FD0027D161 /* Sources */,
				096A26971CE399FD0027D161 /* Frameworks */,
				096A26981CE399FD0027D161 /* Resources */,
				ACB4924A76E572EC901BCFE2 /* 📦 Copy Pods Resources */,
			);
			buildRules = (
			);
			dependencies = (
				096A269C1CE399FD0027D161 /* PBXTargetDependency */,
			);
			name = FoodooUITests;
			productName = FoodooUITests;
			productReference = 096A269A1CE399FD0027D161 /* FoodooUITests.xctest */;
			productType = "com.apple.product-type.bundle.ui-testing";
		};
/* End PBXNativeTarget section */

/* Begin PBXProject section */
		096A266E1CE399FC0027D161 /* Project object */ = {
			isa = PBXProject;
			attributes = {
				LastUpgradeCheck = 0730;
				ORGANIZATIONNAME = WorldStar;
				TargetAttributes = {
					096A26751CE399FC0027D161 = {
						CreatedOnToolsVersion = 7.3.1;
					};
					096A268E1CE399FD0027D161 = {
						CreatedOnToolsVersion = 7.3.1;
						TestTargetID = 096A26751CE399FC0027D161;
					};
					096A26991CE399FD0027D161 = {
						CreatedOnToolsVersion = 7.3.1;
						TestTargetID = 096A26751CE399FC0027D161;
					};
				};
			};
			buildConfigurationList = 096A26711CE399FC0027D161 /* Build configuration list for PBXProject "Foodoo" */;
			compatibilityVersion = "Xcode 3.2";
			developmentRegion = English;
			hasScannedForEncodings = 0;
			knownRegions = (
				en,
				Base,
			);
			mainGroup = 096A266D1CE399FC0027D161;
			productRefGroup = 096A26771CE399FC0027D161 /* Products */;
			projectDirPath = "";
			projectRoot = "";
			targets = (
				096A26751CE399FC0027D161 /* Foodoo */,
				096A268E1CE399FD0027D161 /* FoodooTests */,
				096A26991CE399FD0027D161 /* FoodooUITests */,
			);
		};
/* End PBXProject section */

/* Begin PBXResourcesBuildPhase section */
		096A26741CE399FC0027D161 /* Resources */ = {
			isa = PBXResourcesBuildPhase;
			buildActionMask = 2147483647;
			files = (
				096A26891CE399FD0027D161 /* LaunchScreen.storyboard in Resources */,
				096A26861CE399FD0027D161 /* Assets.xcassets in Resources */,
				096A26841CE399FD0027D161 /* Main.storyboard in Resources */,
			);
			runOnlyForDeploymentPostprocessing = 0;
		};
		096A268D1CE399FD0027D161 /* Resources */ = {
			isa = PBXResourcesBuildPhase;
			buildActionMask = 2147483647;
			files = (
			);
			runOnlyForDeploymentPostprocessing = 0;
		};
		096A26981CE399FD0027D161 /* Resources */ = {
			isa = PBXResourcesBuildPhase;
			buildActionMask = 2147483647;
			files = (
			);
			runOnlyForDeploymentPostprocessing = 0;
		};
/* End PBXResourcesBuildPhase section */

/* Begin PBXShellScriptBuildPhase section */
		35F1F2D9F4EB5EC72C328A3D /* 📦 Copy Pods Resources */ = {
			isa = PBXShellScriptBuildPhase;
			buildActionMask = 2147483647;
			files = (
			);
			inputPaths = (
			);
			name = "📦 Copy Pods Resources";
			outputPaths = (
			);
			runOnlyForDeploymentPostprocessing = 0;
			shellPath = /bin/sh;
			shellScript = "\"${SRCROOT}/Pods/Target Support Files/Pods-Foodoo/Pods-Foodoo-resources.sh\"\n";
			showEnvVarsInLog = 0;
		};
		48D3ADF237B3B0C4FA892F42 /* 📦 Embed Pods Frameworks */ = {
			isa = PBXShellScriptBuildPhase;
			buildActionMask = 2147483647;
			files = (
			);
			inputPaths = (
			);
			name = "📦 Embed Pods Frameworks";
			outputPaths = (
			);
			runOnlyForDeploymentPostprocessing = 0;
			shellPath = /bin/sh;
			shellScript = "\"${SRCROOT}/Pods/Target Support Files/Pods-FoodooTests/Pods-FoodooTests-frameworks.sh\"\n";
			showEnvVarsInLog = 0;
		};
		49BDBAF662D0777C80D07706 /* 📦 Check Pods Manifest.lock */ = {
			isa = PBXShellScriptBuildPhase;
			buildActionMask = 2147483647;
			files = (
			);
			inputPaths = (
			);
			name = "📦 Check Pods Manifest.lock";
			outputPaths = (
			);
			runOnlyForDeploymentPostprocessing = 0;
			shellPath = /bin/sh;
			shellScript = "diff \"${PODS_ROOT}/../Podfile.lock\" \"${PODS_ROOT}/Manifest.lock\" > /dev/null\nif [[ $? != 0 ]] ; then\n    cat << EOM\nerror: The sandbox is not in sync with the Podfile.lock. Run 'pod install' or update your CocoaPods installation.\nEOM\n    exit 1\nfi\n";
			showEnvVarsInLog = 0;
		};
		6D08DF8A546AE3A20CF379CA /* 📦 Copy Pods Resources */ = {
			isa = PBXShellScriptBuildPhase;
			buildActionMask = 2147483647;
			files = (
			);
			inputPaths = (
			);
			name = "📦 Copy Pods Resources";
			outputPaths = (
			);
			runOnlyForDeploymentPostprocessing = 0;
			shellPath = /bin/sh;
			shellScript = "\"${SRCROOT}/Pods/Target Support Files/Pods-FoodooTests/Pods-FoodooTests-resources.sh\"\n";
			showEnvVarsInLog = 0;
		};
		ACB4924A76E572EC901BCFE2 /* 📦 Copy Pods Resources */ = {
			isa = PBXShellScriptBuildPhase;
			buildActionMask = 2147483647;
			files = (
			);
			inputPaths = (
			);
			name = "📦 Copy Pods Resources";
			outputPaths = (
			);
			runOnlyForDeploymentPostprocessing = 0;
			shellPath = /bin/sh;
			shellScript = "\"${SRCROOT}/Pods/Target Support Files/Pods-FoodooUITests/Pods-FoodooUITests-resources.sh\"\n";
			showEnvVarsInLog = 0;
		};
		B66DD1535FCA17B3897E71ED /* 📦 Check Pods Manifest.lock */ = {
			isa = PBXShellScriptBuildPhase;
			buildActionMask = 2147483647;
			files = (
			);
			inputPaths = (
			);
			name = "📦 Check Pods Manifest.lock";
			outputPaths = (
			);
			runOnlyForDeploymentPostprocessing = 0;
			shellPath = /bin/sh;
			shellScript = "diff \"${PODS_ROOT}/../Podfile.lock\" \"${PODS_ROOT}/Manifest.lock\" > /dev/null\nif [[ $? != 0 ]] ; then\n    cat << EOM\nerror: The sandbox is not in sync with the Podfile.lock. Run 'pod install' or update your CocoaPods installation.\nEOM\n    exit 1\nfi\n";
			showEnvVarsInLog = 0;
		};
		B8782F1FB79864A7A7455F51 /* 📦 Embed Pods Frameworks */ = {
			isa = PBXShellScriptBuildPhase;
			buildActionMask = 2147483647;
			files = (
			);
			inputPaths = (
			);
			name = "📦 Embed Pods Frameworks";
			outputPaths = (
			);
			runOnlyForDeploymentPostprocessing = 0;
			shellPath = /bin/sh;
			shellScript = "\"${SRCROOT}/Pods/Target Support Files/Pods-Foodoo/Pods-Foodoo-frameworks.sh\"\n";
			showEnvVarsInLog = 0;
		};
		D2BB51C5381CBE07A94340BA /* 📦 Check Pods Manifest.lock */ = {
			isa = PBXShellScriptBuildPhase;
			buildActionMask = 2147483647;
			files = (
			);
			inputPaths = (
			);
			name = "📦 Check Pods Manifest.lock";
			outputPaths = (
			);
			runOnlyForDeploymentPostprocessing = 0;
			shellPath = /bin/sh;
			shellScript = "diff \"${PODS_ROOT}/../Podfile.lock\" \"${PODS_ROOT}/Manifest.lock\" > /dev/null\nif [[ $? != 0 ]] ; then\n    cat << EOM\nerror: The sandbox is not in sync with the Podfile.lock. Run 'pod install' or update your CocoaPods installation.\nEOM\n    exit 1\nfi\n";
			showEnvVarsInLog = 0;
		};
/* End PBXShellScriptBuildPhase section */

/* Begin PBXSourcesBuildPhase section */
		096A26721CE399FC0027D161 /* Sources */ = {
			isa = PBXSourcesBuildPhase;
			buildActionMask = 2147483647;
			files = (
				096A26811CE399FD0027D161 /* ViewController.m in Sources */,
				096A267E1CE399FD0027D161 /* AppDelegate.m in Sources */,
				096A267B1CE399FD0027D161 /* main.m in Sources */,
			);
			runOnlyForDeploymentPostprocessing = 0;
		};
		096A268B1CE399FD0027D161 /* Sources */ = {
			isa = PBXSourcesBuildPhase;
			buildActionMask = 2147483647;
			files = (
				096A26941CE399FD0027D161 /* FoodooTests.m in Sources */,
			);
			runOnlyForDeploymentPostprocessing = 0;
		};
		096A26961CE399FD0027D161 /* Sources */ = {
			isa = PBXSourcesBuildPhase;
			buildActionMask = 2147483647;
			files = (
				096A269F1CE399FD0027D161 /* FoodooUITests.m in Sources */,
			);
			runOnlyForDeploymentPostprocessing = 0;
		};
/* End PBXSourcesBuildPhase section */

/* Begin PBXTargetDependency section */
		096A26911CE399FD0027D161 /* PBXTargetDependency */ = {
			isa = PBXTargetDependency;
			target = 096A26751CE399FC0027D161 /* Foodoo */;
			targetProxy = 096A26901CE399FD0027D161 /* PBXContainerItemProxy */;
		};
		096A269C1CE399FD0027D161 /* PBXTargetDependency */ = {
			isa = PBXTargetDependency;
			target = 096A26751CE399FC0027D161 /* Foodoo */;
			targetProxy = 096A269B1CE399FD0027D161 /* PBXContainerItemProxy */;
		};
/* End PBXTargetDependency section */

/* Begin PBXVariantGroup section */
		096A26821CE399FD0027D161 /* Main.storyboard */ = {
			isa = PBXVariantGroup;
			children = (
				096A26831CE399FD0027D161 /* Base */,
			);
			name = Main.storyboard;
			sourceTree = "<group>";
		};
		096A26871CE399FD0027D161 /* LaunchScreen.storyboard */ = {
			isa = PBXVariantGroup;
			children = (
				096A26881CE399FD0027D161 /* Base */,
			);
			name = LaunchScreen.storyboard;
			sourceTree = "<group>";
		};
/* End PBXVariantGroup section */

/* Begin XCBuildConfiguration section */
		096A26A11CE399FD0027D161 /* Debug */ = {
			isa = XCBuildConfiguration;
			buildSettings = {
				ALWAYS_SEARCH_USER_PATHS = NO;
				CLANG_ANALYZER_NONNULL = YES;
				CLANG_CXX_LANGUAGE_STANDARD = "gnu++0x";
				CLANG_CXX_LIBRARY = "libc++";
				CLANG_ENABLE_MODULES = YES;
				CLANG_ENABLE_OBJC_ARC = YES;
				CLANG_WARN_BOOL_CONVERSION = YES;
				CLANG_WARN_CONSTANT_CONVERSION = YES;
				CLANG_WARN_DIRECT_OBJC_ISA_USAGE = YES_ERROR;
				CLANG_WARN_EMPTY_BODY = YES;
				CLANG_WARN_ENUM_CONVERSION = YES;
				CLANG_WARN_INT_CONVERSION = YES;
				CLANG_WARN_OBJC_ROOT_CLASS = YES_ERROR;
				CLANG_WARN_UNREACHABLE_CODE = YES;
				CLANG_WARN__DUPLICATE_METHOD_MATCH = YES;
				"CODE_SIGN_IDENTITY[sdk=iphoneos*]" = "iPhone Developer";
				COPY_PHASE_STRIP = NO;
				DEBUG_INFORMATION_FORMAT = dwarf;
				ENABLE_STRICT_OBJC_MSGSEND = YES;
				ENABLE_TESTABILITY = YES;
				GCC_C_LANGUAGE_STANDARD = gnu99;
				GCC_DYNAMIC_NO_PIC = NO;
				GCC_NO_COMMON_BLOCKS = YES;
				GCC_OPTIMIZATION_LEVEL = 0;
				GCC_PREPROCESSOR_DEFINITIONS = (
					"DEBUG=1",
					"$(inherited)",
				);
				GCC_WARN_64_TO_32_BIT_CONVERSION = YES;
				GCC_WARN_ABOUT_RETURN_TYPE = YES_ERROR;
				GCC_WARN_UNDECLARED_SELECTOR = YES;
				GCC_WARN_UNINITIALIZED_AUTOS = YES_AGGRESSIVE;
				GCC_WARN_UNUSED_FUNCTION = YES;
				GCC_WARN_UNUSED_VARIABLE = YES;
				IPHONEOS_DEPLOYMENT_TARGET = 9.3;
				MTL_ENABLE_DEBUG_INFO = YES;
				ONLY_ACTIVE_ARCH = YES;
				SDKROOT = iphoneos;
			};
			name = Debug;
		};
		096A26A21CE399FD0027D161 /* Release */ = {
			isa = XCBuildConfiguration;
			buildSettings = {
				ALWAYS_SEARCH_USER_PATHS = NO;
				CLANG_ANALYZER_NONNULL = YES;
				CLANG_CXX_LANGUAGE_STANDARD = "gnu++0x";
				CLANG_CXX_LIBRARY = "libc++";
				CLANG_ENABLE_MODULES = YES;
				CLANG_ENABLE_OBJC_ARC = YES;
				CLANG_WARN_BOOL_CONVERSION = YES;
				CLANG_WARN_CONSTANT_CONVERSION = YES;
				CLANG_WARN_DIRECT_OBJC_ISA_USAGE = YES_ERROR;
				CLANG_WARN_EMPTY_BODY = YES;
				CLANG_WARN_ENUM_CONVERSION = YES;
				CLANG_WARN_INT_CONVERSION = YES;
				CLANG_WARN_OBJC_ROOT_CLASS = YES_ERROR;
				CLANG_WARN_UNREACHABLE_CODE = YES;
				CLANG_WARN__DUPLICATE_METHOD_MATCH = YES;
				"CODE_SIGN_IDENTITY[sdk=iphoneos*]" = "iPhone Developer";
				COPY_PHASE_STRIP = NO;
				DEBUG_INFORMATION_FORMAT = "dwarf-with-dsym";
				ENABLE_NS_ASSERTIONS = NO;
				ENABLE_STRICT_OBJC_MSGSEND = YES;
				GCC_C_LANGUAGE_STANDARD = gnu99;
				GCC_NO_COMMON_BLOCKS = YES;
				GCC_WARN_64_TO_32_BIT_CONVERSION = YES;
				GCC_WARN_ABOUT_RETURN_TYPE = YES_ERROR;
				GCC_WARN_UNDECLARED_SELECTOR = YES;
				GCC_WARN_UNINITIALIZED_AUTOS = YES_AGGRESSIVE;
				GCC_WARN_UNUSED_FUNCTION = YES;
				GCC_WARN_UNUSED_VARIABLE = YES;
				IPHONEOS_DEPLOYMENT_TARGET = 9.3;
				MTL_ENABLE_DEBUG_INFO = NO;
				SDKROOT = iphoneos;
				VALIDATE_PRODUCT = YES;
			};
			name = Release;
		};
		096A26A41CE399FD0027D161 /* Debug */ = {
			isa = XCBuildConfiguration;
			baseConfigurationReference = 2400AD9F65AB67C33872FBFC /* Pods-Foodoo.debug.xcconfig */;
			buildSettings = {
				ASSETCATALOG_COMPILER_APPICON_NAME = AppIcon;
				INFOPLIST_FILE = Foodoo/Info.plist;
				LD_RUNPATH_SEARCH_PATHS = "$(inherited) @executable_path/Frameworks";
				PRODUCT_BUNDLE_IDENTIFIER = com.worldstar.Foodoo;
				PRODUCT_NAME = "$(TARGET_NAME)";
			};
			name = Debug;
		};
		096A26A51CE399FD0027D161 /* Release */ = {
			isa = XCBuildConfiguration;
			baseConfigurationReference = 5E66B6BAE99594D623B7917A /* Pods-Foodoo.release.xcconfig */;
			buildSettings = {
				ASSETCATALOG_COMPILER_APPICON_NAME = AppIcon;
				INFOPLIST_FILE = Foodoo/Info.plist;
				LD_RUNPATH_SEARCH_PATHS = "$(inherited) @executable_path/Frameworks";
				PRODUCT_BUNDLE_IDENTIFIER = com.worldstar.Foodoo;
				PRODUCT_NAME = "$(TARGET_NAME)";
			};
			name = Release;
		};
		096A26A71CE399FD0027D161 /* Debug */ = {
			isa = XCBuildConfiguration;
			baseConfigurationReference = CD70AB854E659C21F486BED9 /* Pods-FoodooTests.debug.xcconfig */;
			buildSettings = {
				BUNDLE_LOADER = "$(TEST_HOST)";
				INFOPLIST_FILE = FoodooTests/Info.plist;
				LD_RUNPATH_SEARCH_PATHS = "$(inherited) @executable_path/Frameworks @loader_path/Frameworks";
				PRODUCT_BUNDLE_IDENTIFIER = com.worldstar.FoodooTests;
				PRODUCT_NAME = "$(TARGET_NAME)";
				TEST_HOST = "$(BUILT_PRODUCTS_DIR)/Foodoo.app/Foodoo";
			};
			name = Debug;
		};
		096A26A81CE399FD0027D161 /* Release */ = {
			isa = XCBuildConfiguration;
			baseConfigurationReference = 36E04E6169C69036B8E7DB3F /* Pods-FoodooTests.release.xcconfig */;
			buildSettings = {
				BUNDLE_LOADER = "$(TEST_HOST)";
				INFOPLIST_FILE = FoodooTests/Info.plist;
				LD_RUNPATH_SEARCH_PATHS = "$(inherited) @executable_path/Frameworks @loader_path/Frameworks";
				PRODUCT_BUNDLE_IDENTIFIER = com.worldstar.FoodooTests;
				PRODUCT_NAME = "$(TARGET_NAME)";
				TEST_HOST = "$(BUILT_PRODUCTS_DIR)/Foodoo.app/Foodoo";
			};
			name = Release;
		};
		096A26AA1CE399FD0027D161 /* Debug */ = {
			isa = XCBuildConfiguration;
			baseConfigurationReference = 2B6D56E90AF740834A6417B4 /* Pods-FoodooUITests.debug.xcconfig */;
			buildSettings = {
				INFOPLIST_FILE = FoodooUITests/Info.plist;
				LD_RUNPATH_SEARCH_PATHS = "$(inherited) @executable_path/Frameworks @loader_path/Frameworks";
				PRODUCT_BUNDLE_IDENTIFIER = com.worldstar.FoodooUITests;
				PRODUCT_NAME = "$(TARGET_NAME)";
				TEST_TARGET_NAME = Foodoo;
			};
			name = Debug;
		};
		096A26AB1CE399FD0027D161 /* Release */ = {
			isa = XCBuildConfiguration;
			baseConfigurationReference = 21B36978B16E412063B2DC30 /* Pods-FoodooUITests.release.xcconfig */;
			buildSettings = {
				INFOPLIST_FILE = FoodooUITests/Info.plist;
				LD_RUNPATH_SEARCH_PATHS = "$(inherited) @executable_path/Frameworks @loader_path/Frameworks";
				PRODUCT_BUNDLE_IDENTIFIER = com.worldstar.FoodooUITests;
				PRODUCT_NAME = "$(TARGET_NAME)";
				TEST_TARGET_NAME = Foodoo;
			};
			name = Release;
		};
/* End XCBuildConfiguration section */

/* Begin XCConfigurationList section */
		096A26711CE399FC0027D161 /* Build configuration list for PBXProject "Foodoo" */ = {
			isa = XCConfigurationList;
			buildConfigurations = (
				096A26A11CE399FD0027D161 /* Debug */,
				096A26A21CE399FD0027D161 /* Release */,
			);
			defaultConfigurationIsVisible = 0;
			defaultConfigurationName = Release;
		};
		096A26A31CE399FD0027D161 /* Build configuration list for PBXNativeTarget "Foodoo" */ = {
			isa = XCConfigurationList;
			buildConfigurations = (
				096A26A41CE399FD0027D161 /* Debug */,
				096A26A51CE399FD0027D161 /* Release */,
			);
			defaultConfigurationIsVisible = 0;
			defaultConfigurationName = Release;
		};
		096A26A61CE399FD0027D161 /* Build configuration list for PBXNativeTarget "FoodooTests" */ = {
			isa = XCConfigurationList;
			buildConfigurations = (
				096A26A71CE399FD0027D161 /* Debug */,
				096A26A81CE399FD0027D161 /* Release */,
			);
			defaultConfigurationIsVisible = 0;
			defaultConfigurationName = Release;
		};
		096A26A91CE399FD0027D161 /* Build configuration list for PBXNativeTarget "FoodooUITests" */ = {
			isa = XCConfigurationList;
			buildConfigurations = (
				096A26AA1CE399FD0027D161 /* Debug */,
				096A26AB1CE399FD0027D161 /* Release */,
			);
			defaultConfigurationIsVisible = 0;
			defaultConfigurationName = Release;
		};
/* End XCConfigurationList section */
	};
	rootObject = 096A266E1CE399FC0027D161 /* Project object */;
}
